
Microsoft Visual Studio Solution File, Format Version 12.00
# Visual Studio Version 17
VisualStudioVersion = 17.7.34031.279
MinimumVisualStudioVersion = 10.0.40219.1
Project("{FAE04EC0-301F-11D3-BF4B-00C04F79EFBC}") = "ProjectKeyboard", "ProjectKeyboard\ProjectKeyboard.csproj", "{F6F53F56-48FC-4F2C-97BA-9E3CD61F7380}"
EndProject
Global
	GlobalSection(SolutionConfigurationPlatforms) = preSolution
		Debug|Any CPU = Debug|Any CPU
		Release|Any CPU = Release|Any CPU
	EndGlobalSection
	GlobalSection(ProjectConfigurationPlatforms) = postSolution
		{F6F53F56-48FC-4F2C-97BA-9E3CD61F7380}.Debug|Any CPU.ActiveCfg = Debug|Any CPU
		{F6F53F56-48FC-4F2C-97BA-9E3CD61F7380}.Debug|Any CPU.Build.0 = Debug|Any CPU
		{F6F53F56-48FC-4F2C-97BA-9E3CD61F7380}.Release|Any CPU.ActiveCfg = Release|Any CPU
		{F6F53F56-48FC-4F2C-97BA-9E3CD61F7380}.Release|Any CPU.Build.0 = Release|Any CPU
	EndGlobalSection
	GlobalSection(SolutionProperties) = preSolution
		HideSolutionNode = FALSE
	EndGlobalSection
	GlobalSection(ExtensibilityGlobals) = postSolution
		SolutionGuid = {F5BA88A1-F627-4348-B072-8C544BD67C5D}
	EndGlobalSection
EndGlobal
